// !$*UTF8*$!
{
	archiveVersion = 1;
	classes = {
	};
	objectVersion = 46;
	objects = {

/* Begin PBXBuildFile section */
		F420CC531E7BA27E00448B6B /* AppDelegate.swift in Sources */ = {isa = PBXBuildFile; fileRef = F420CC521E7BA27E00448B6B /* AppDelegate.swift */; };
		F420CC551E7BA27E00448B6B /* LongControllerOLD.swift in Sources */ = {isa = PBXBuildFile; fileRef = F420CC541E7BA27E00448B6B /* LongControllerOLD.swift */; };
		F420CC581E7BA27E00448B6B /* Main.storyboard in Resources */ = {isa = PBXBuildFile; fileRef = F420CC561E7BA27E00448B6B /* Main.storyboard */; };
		F420CC5A1E7BA27E00448B6B /* Assets.xcassets in Resources */ = {isa = PBXBuildFile; fileRef = F420CC591E7BA27E00448B6B /* Assets.xcassets */; };
		F420CC5D1E7BA27E00448B6B /* LaunchScreen.storyboard in Resources */ = {isa = PBXBuildFile; fileRef = F420CC5B1E7BA27E00448B6B /* LaunchScreen.storyboard */; };
		F458EBBC1EA2C79500DAA8AF /* CircleView.swift in Sources */ = {isa = PBXBuildFile; fileRef = F458EBBB1EA2C79500DAA8AF /* CircleView.swift */; };
		F46293291E7E1B900013537E /* KDCircularProgress.swift in Sources */ = {isa = PBXBuildFile; fileRef = F46293281E7E1B900013537E /* KDCircularProgress.swift */; };
		F462932B1E7E46A50013537E /* InfoController.swift in Sources */ = {isa = PBXBuildFile; fileRef = F462932A1E7E46A50013537E /* InfoController.swift */; };
		F46800241EA9A0AB00A6908D /* LongController.swift in Sources */ = {isa = PBXBuildFile; fileRef = F46800231EA9A0AB00A6908D /* LongController.swift */; };
		F4687B891EC6A8A7006FF4A3 /* ModeController.swift in Sources */ = {isa = PBXBuildFile; fileRef = F4687B881EC6A8A7006FF4A3 /* ModeController.swift */; };
		F46B8DB61EA83EF900CAC7A1 /* Bluetooth.swift in Sources */ = {isa = PBXBuildFile; fileRef = F46B8DB51EA83EF900CAC7A1 /* Bluetooth.swift */; };
		F46B8DB81EA8590F00CAC7A1 /* BluetoothDelegate.swift in Sources */ = {isa = PBXBuildFile; fileRef = F46B8DB71EA8590F00CAC7A1 /* BluetoothDelegate.swift */; };
		F46BDECC1E7BB0CE00801853 /* GoController.swift in Sources */ = {isa = PBXBuildFile; fileRef = F46BDECB1E7BB0CE00801853 /* GoController.swift */; };
		F47902FC1E7F5EBF00AEE604 /* OptionsController.swift in Sources */ = {isa = PBXBuildFile; fileRef = F47902FB1E7F5EBF00AEE604 /* OptionsController.swift */; };
		F48786741EE7014F00E527B4 /* BatteryController.swift in Sources */ = {isa = PBXBuildFile; fileRef = F48786731EE7014F00E527B4 /* BatteryController.swift */; };
		F4BEC5D41F0A885C0005BECC /* SettingsController.swift in Sources */ = {isa = PBXBuildFile; fileRef = F4BEC5D31F0A885C0005BECC /* SettingsController.swift */; };
		F4F450881EBC2CF200D6B515 /* Transmissions.swift in Sources */ = {isa = PBXBuildFile; fileRef = F4F450871EBC2CF200D6B515 /* Transmissions.swift */; };
		F4F4508D1EBC315900D6B515 /* TransmissionsDelegate.swift in Sources */ = {isa = PBXBuildFile; fileRef = F4F4508C1EBC315900D6B515 /* TransmissionsDelegate.swift */; };
/* End PBXBuildFile section */

/* Begin PBXFileReference section */
		F420CC4F1E7BA27E00448B6B /* Long.app */ = {isa = PBXFileReference; explicitFileType = wrapper.application; includeInIndex = 0; path = Long.app; sourceTree = BUILT_PRODUCTS_DIR; };
		F420CC521E7BA27E00448B6B /* AppDelegate.swift */ = {isa = PBXFileReference; lastKnownFileType = sourcecode.swift; path = AppDelegate.swift; sourceTree = "<group>"; };
		F420CC541E7BA27E00448B6B /* LongControllerOLD.swift */ = {isa = PBXFileReference; lastKnownFileType = sourcecode.swift; path = LongControllerOLD.swift; sourceTree = "<group>"; };
		F420CC571E7BA27E00448B6B /* Base */ = {isa = PBXFileReference; lastKnownFileType = file.storyboard; name = Base; path = Base.lproj/Main.storyboard; sourceTree = "<group>"; };
		F420CC591E7BA27E00448B6B /* Assets.xcassets */ = {isa = PBXFileReference; lastKnownFileType = folder.assetcatalog; path = Assets.xcassets; sourceTree = "<group>"; };
		F420CC5C1E7BA27E00448B6B /* Base */ = {isa = PBXFileReference; lastKnownFileType = file.storyboard; name = Base; path = Base.lproj/LaunchScreen.storyboard; sourceTree = "<group>"; };
		F420CC5E1E7BA27F00448B6B /* Info.plist */ = {isa = PBXFileReference; lastKnownFileType = text.plist.xml; path = Info.plist; sourceTree = "<group>"; };
		F458EBBB1EA2C79500DAA8AF /* CircleView.swift */ = {isa = PBXFileReference; fileEncoding = 4; lastKnownFileType = sourcecode.swift; path = CircleView.swift; sourceTree = "<group>"; };
		F46293281E7E1B900013537E /* KDCircularProgress.swift */ = {isa = PBXFileReference; fileEncoding = 4; lastKnownFileType = sourcecode.swift; path = KDCircularProgress.swift; sourceTree = "<group>"; };
		F462932A1E7E46A50013537E /* InfoController.swift */ = {isa = PBXFileReference; fileEncoding = 4; lastKnownFileType = sourcecode.swift; path = InfoController.swift; sourceTree = "<group>"; };
		F46800231EA9A0AB00A6908D /* LongController.swift */ = {isa = PBXFileReference; fileEncoding = 4; lastKnownFileType = sourcecode.swift; path = LongController.swift; sourceTree = "<group>"; };
		F4687B881EC6A8A7006FF4A3 /* ModeController.swift */ = {isa = PBXFileReference; fileEncoding = 4; lastKnownFileType = sourcecode.swift; path = ModeController.swift; sourceTree = "<group>"; };
		F46B8DB51EA83EF900CAC7A1 /* Bluetooth.swift */ = {isa = PBXFileReference; fileEncoding = 4; lastKnownFileType = sourcecode.swift; path = Bluetooth.swift; sourceTree = "<group>"; };
		F46B8DB71EA8590F00CAC7A1 /* BluetoothDelegate.swift */ = {isa = PBXFileReference; fileEncoding = 4; lastKnownFileType = sourcecode.swift; path = BluetoothDelegate.swift; sourceTree = "<group>"; };
		F46BDECB1E7BB0CE00801853 /* GoController.swift */ = {isa = PBXFileReference; fileEncoding = 4; lastKnownFileType = sourcecode.swift; path = GoController.swift; sourceTree = "<group>"; };
		F47902FB1E7F5EBF00AEE604 /* OptionsController.swift */ = {isa = PBXFileReference; fileEncoding = 4; lastKnownFileType = sourcecode.swift; path = OptionsController.swift; sourceTree = "<group>"; };
		F48786731EE7014F00E527B4 /* BatteryController.swift */ = {isa = PBXFileReference; fileEncoding = 4; lastKnownFileType = sourcecode.swift; path = BatteryController.swift; sourceTree = "<group>"; };
		F4BEC5D31F0A885C0005BECC /* SettingsController.swift */ = {isa = PBXFileReference; fileEncoding = 4; lastKnownFileType = sourcecode.swift; path = SettingsController.swift; sourceTree = "<group>"; };
		F4F450871EBC2CF200D6B515 /* Transmissions.swift */ = {isa = PBXFileReference; fileEncoding = 4; lastKnownFileType = sourcecode.swift; path = Transmissions.swift; sourceTree = "<group>"; };
		F4F4508C1EBC315900D6B515 /* TransmissionsDelegate.swift */ = {isa = PBXFileReference; fileEncoding = 4; lastKnownFileType = sourcecode.swift; path = TransmissionsDelegate.swift; sourceTree = "<group>"; };
/* End PBXFileReference section */

/* Begin PBXFrameworksBuildPhase section */
		F420CC4C1E7BA27D00448B6B /* Frameworks */ = {
			isa = PBXFrameworksBuildPhase;
			buildActionMask = 2147483647;
			files = (
			);
			runOnlyForDeploymentPostprocessing = 0;
		};
/* End PBXFrameworksBuildPhase section */

/* Begin PBXGroup section */
		F420CC461E7BA27D00448B6B = {
			isa = PBXGroup;
			children = (
				F420CC511E7BA27E00448B6B /* Long */,
				F420CC501E7BA27E00448B6B /* Products */,
			);
			sourceTree = "<group>";
		};
		F420CC501E7BA27E00448B6B /* Products */ = {
			isa = PBXGroup;
			children = (
				F420CC4F1E7BA27E00448B6B /* Long.app */,
			);
			name = Products;
			sourceTree = "<group>";
		};
		F420CC511E7BA27E00448B6B /* Long */ = {
			isa = PBXGroup;
			children = (
				F420CC521E7BA27E00448B6B /* AppDelegate.swift */,
				F4F4508B1EBC310E00D6B515 /* Transmissions */,
				F4F450891EBC30E900D6B515 /* Bluetooth */,
				F4F4508A1EBC310000D6B515 /* ViewControllers */,
				F420CC561E7BA27E00448B6B /* Main.storyboard */,
				F420CC591E7BA27E00448B6B /* Assets.xcassets */,
				F420CC5B1E7BA27E00448B6B /* LaunchScreen.storyboard */,
				F420CC5E1E7BA27F00448B6B /* Info.plist */,
				F458EBBA1EA2C75F00DAA8AF /* Plug-ins */,
			);
			path = Long;
			sourceTree = "<group>";
		};
		F458EBBA1EA2C75F00DAA8AF /* Plug-ins */ = {
			isa = PBXGroup;
			children = (
				F46293281E7E1B900013537E /* KDCircularProgress.swift */,
				F458EBBB1EA2C79500DAA8AF /* CircleView.swift */,
			);
			name = "Plug-ins";
			sourceTree = "<group>";
		};
		F4F450891EBC30E900D6B515 /* Bluetooth */ = {
			isa = PBXGroup;
			children = (
				F46B8DB51EA83EF900CAC7A1 /* Bluetooth.swift */,
				F46B8DB71EA8590F00CAC7A1 /* BluetoothDelegate.swift */,
			);
			name = Bluetooth;
			sourceTree = "<group>";
		};
		F4F4508A1EBC310000D6B515 /* ViewControllers */ = {
			isa = PBXGroup;
			children = (
				F48786731EE7014F00E527B4 /* BatteryController.swift */,
				F420CC541E7BA27E00448B6B /* LongControllerOLD.swift */,
				F46800231EA9A0AB00A6908D /* LongController.swift */,
				F4687B881EC6A8A7006FF4A3 /* ModeController.swift */,
				F46BDECB1E7BB0CE00801853 /* GoController.swift */,
				F47902FB1E7F5EBF00AEE604 /* OptionsController.swift */,
				F462932A1E7E46A50013537E /* InfoController.swift */,
				F4BEC5D31F0A885C0005BECC /* SettingsController.swift */,
			);
			name = ViewControllers;
			sourceTree = "<group>";
		};
		F4F4508B1EBC310E00D6B515 /* Transmissions */ = {
			isa = PBXGroup;
			children = (
				F4F450871EBC2CF200D6B515 /* Transmissions.swift */,
				F4F4508C1EBC315900D6B515 /* TransmissionsDelegate.swift */,
			);
			name = Transmissions;
			sourceTree = "<group>";
		};
/* End PBXGroup section */

/* Begin PBXNativeTarget section */
		F420CC4E1E7BA27D00448B6B /* Long */ = {
			isa = PBXNativeTarget;
			buildConfigurationList = F420CC611E7BA27F00448B6B /* Build configuration list for PBXNativeTarget "Long" */;
			buildPhases = (
				F420CC4B1E7BA27D00448B6B /* Sources */,
				F420CC4C1E7BA27D00448B6B /* Frameworks */,
				F420CC4D1E7BA27D00448B6B /* Resources */,
			);
			buildRules = (
			);
			dependencies = (
			);
			name = Long;
			productName = Long;
			productReference = F420CC4F1E7BA27E00448B6B /* Long.app */;
			productType = "com.apple.product-type.application";
		};
/* End PBXNativeTarget section */

/* Begin PBXProject section */
		F420CC471E7BA27D00448B6B /* Project object */ = {
			isa = PBXProject;
			attributes = {
				LastSwiftUpdateCheck = 0820;
				LastUpgradeCheck = 0900;
				ORGANIZATIONNAME = "Matteo Carnelos";
				TargetAttributes = {
					F420CC4E1E7BA27D00448B6B = {
						CreatedOnToolsVersion = 8.2.1;
						DevelopmentTeam = RA3AN77S9R;
						LastSwiftMigration = 0900;
						ProvisioningStyle = Automatic;
					};
				};
			};
			buildConfigurationList = F420CC4A1E7BA27D00448B6B /* Build configuration list for PBXProject "Long" */;
			compatibilityVersion = "Xcode 3.2";
			developmentRegion = English;
			hasScannedForEncodings = 0;
			knownRegions = (
				en,
				Base,
			);
			mainGroup = F420CC461E7BA27D00448B6B;
			productRefGroup = F420CC501E7BA27E00448B6B /* Products */;
			projectDirPath = "";
			projectRoot = "";
			targets = (
				F420CC4E1E7BA27D00448B6B /* Long */,
			);
		};
/* End PBXProject section */

/* Begin PBXResourcesBuildPhase section */
		F420CC4D1E7BA27D00448B6B /* Resources */ = {
			isa = PBXResourcesBuildPhase;
			buildActionMask = 2147483647;
			files = (
				F420CC5D1E7BA27E00448B6B /* LaunchScreen.storyboard in Resources */,
				F420CC5A1E7BA27E00448B6B /* Assets.xcassets in Resources */,
				F420CC581E7BA27E00448B6B /* Main.storyboard in Resources */,
			);
			runOnlyForDeploymentPostprocessing = 0;
		};
/* End PBXResourcesBuildPhase section */

/* Begin PBXSourcesBuildPhase section */
		F420CC4B1E7BA27D00448B6B /* Sources */ = {
			isa = PBXSourcesBuildPhase;
			buildActionMask = 2147483647;
			files = (
				F46B8DB61EA83EF900CAC7A1 /* Bluetooth.swift in Sources */,
				F46B8DB81EA8590F00CAC7A1 /* BluetoothDelegate.swift in Sources */,
				F46293291E7E1B900013537E /* KDCircularProgress.swift in Sources */,
				F46800241EA9A0AB00A6908D /* LongController.swift in Sources */,
				F46BDECC1E7BB0CE00801853 /* GoController.swift in Sources */,
				F4F4508D1EBC315900D6B515 /* TransmissionsDelegate.swift in Sources */,
				F4BEC5D41F0A885C0005BECC /* SettingsController.swift in Sources */,
				F48786741EE7014F00E527B4 /* BatteryController.swift in Sources */,
				F420CC551E7BA27E00448B6B /* LongControllerOLD.swift in Sources */,
				F420CC531E7BA27E00448B6B /* AppDelegate.swift in Sources */,
				F47902FC1E7F5EBF00AEE604 /* OptionsController.swift in Sources */,
				F4687B891EC6A8A7006FF4A3 /* ModeController.swift in Sources */,
				F458EBBC1EA2C79500DAA8AF /* CircleView.swift in Sources */,
				F462932B1E7E46A50013537E /* InfoController.swift in Sources */,
				F4F450881EBC2CF200D6B515 /* Transmissions.swift in Sources */,
			);
			runOnlyForDeploymentPostprocessing = 0;
		};
/* End PBXSourcesBuildPhase section */

/* Begin PBXVariantGroup section */
		F420CC561E7BA27E00448B6B /* Main.storyboard */ = {
			isa = PBXVariantGroup;
			children = (
				F420CC571E7BA27E00448B6B /* Base */,
			);
			name = Main.storyboard;
			sourceTree = "<group>";
		};
		F420CC5B1E7BA27E00448B6B /* LaunchScreen.storyboard */ = {
			isa = PBXVariantGroup;
			children = (
				F420CC5C1E7BA27E00448B6B /* Base */,
			);
			name = LaunchScreen.storyboard;
			sourceTree = "<group>";
		};
/* End PBXVariantGroup section */

/* Begin XCBuildConfiguration section */
		F420CC5F1E7BA27F00448B6B /* Debug */ = {
			isa = XCBuildConfiguration;
			buildSettings = {
				ALWAYS_SEARCH_USER_PATHS = NO;
				CLANG_ANALYZER_NONNULL = YES;
				CLANG_CXX_LANGUAGE_STANDARD = "gnu++0x";
				CLANG_CXX_LIBRARY = "libc++";
				CLANG_ENABLE_MODULES = YES;
				CLANG_ENABLE_OBJC_ARC = YES;
				CLANG_WARN_BLOCK_CAPTURE_AUTORELEASING = YES;
				CLANG_WARN_BOOL_CONVERSION = YES;
				CLANG_WARN_COMMA = YES;
				CLANG_WARN_CONSTANT_CONVERSION = YES;
				CLANG_WARN_DIRECT_OBJC_ISA_USAGE = YES_ERROR;
				CLANG_WARN_DOCUMENTATION_COMMENTS = YES;
				CLANG_WARN_EMPTY_BODY = YES;
				CLANG_WARN_ENUM_CONVERSION = YES;
				CLANG_WARN_INFINITE_RECURSION = YES;
				CLANG_WARN_INT_CONVERSION = YES;
				CLANG_WARN_NON_LITERAL_NULL_CONVERSION = YES;
				CLANG_WARN_OBJC_LITERAL_CONVERSION = YES;
				CLANG_WARN_OBJC_ROOT_CLASS = YES_ERROR;
				CLANG_WARN_RANGE_LOOP_ANALYSIS = YES;
				CLANG_WARN_STRICT_PROTOTYPES = YES;
				CLANG_WARN_SUSPICIOUS_MOVE = YES;
				CLANG_WARN_UNREACHABLE_CODE = YES;
				CLANG_WARN__DUPLICATE_METHOD_MATCH = YES;
				"CODE_SIGN_IDENTITY[sdk=iphoneos*]" = "iPhone Developer";
				COPY_PHASE_STRIP = NO;
				DEBUG_INFORMATION_FORMAT = dwarf;
				ENABLE_STRICT_OBJC_MSGSEND = YES;
				ENABLE_TESTABILITY = YES;
				GCC_C_LANGUAGE_STANDARD = gnu99;
				GCC_DYNAMIC_NO_PIC = NO;
				GCC_NO_COMMON_BLOCKS = YES;
				GCC_OPTIMIZATION_LEVEL = 0;
				GCC_PREPROCESSOR_DEFINITIONS = (
					"DEBUG=1",
					"$(inherited)",
				);
				GCC_WARN_64_TO_32_BIT_CONVERSION = YES;
				GCC_WARN_ABOUT_RETURN_TYPE = YES_ERROR;
				GCC_WARN_UNDECLARED_SELECTOR = YES;
				GCC_WARN_UNINITIALIZED_AUTOS = YES_AGGRESSIVE;
				GCC_WARN_UNUSED_FUNCTION = YES;
				GCC_WARN_UNUSED_VARIABLE = YES;
				IPHONEOS_DEPLOYMENT_TARGET = 10.2;
				MTL_ENABLE_DEBUG_INFO = YES;
				ONLY_ACTIVE_ARCH = YES;
				SDKROOT = iphoneos;
				SWIFT_ACTIVE_COMPILATION_CONDITIONS = DEBUG;
				SWIFT_OPTIMIZATION_LEVEL = "-Onone";
				SWIFT_SWIFT3_OBJC_INFERENCE = Default;
			};
			name = Debug;
		};
		F420CC601E7BA27F00448B6B /* Release */ = {
			isa = XCBuildConfiguration;
			buildSettings = {
				ALWAYS_SEARCH_USER_PATHS = NO;
				CLANG_ANALYZER_NONNULL = YES;
				CLANG_CXX_LANGUAGE_STANDARD = "gnu++0x";
				CLANG_CXX_LIBRARY = "libc++";
				CLANG_ENABLE_MODULES = YES;
				CLANG_ENABLE_OBJC_ARC = YES;
				CLANG_WARN_BLOCK_CAPTURE_AUTORELEASING = YES;
				CLANG_WARN_BOOL_CONVERSION = YES;
				CLANG_WARN_COMMA = YES;
				CLANG_WARN_CONSTANT_CONVERSION = YES;
				CLANG_WARN_DIRECT_OBJC_ISA_USAGE = YES_ERROR;
				CLANG_WARN_DOCUMENTATION_COMMENTS = YES;
				CLANG_WARN_EMPTY_BODY = YES;
				CLANG_WARN_ENUM_CONVERSION = YES;
				CLANG_WARN_INFINITE_RECURSION = YES;
				CLANG_WARN_INT_CONVERSION = YES;
				CLANG_WARN_NON_LITERAL_NULL_CONVERSION = YES;
				CLANG_WARN_OBJC_LITERAL_CONVERSION = YES;
				CLANG_WARN_OBJC_ROOT_CLASS = YES_ERROR;
				CLANG_WARN_RANGE_LOOP_ANALYSIS = YES;
				CLANG_WARN_STRICT_PROTOTYPES = YES;
				CLANG_WARN_SUSPICIOUS_MOVE = YES;
				CLANG_WARN_UNREACHABLE_CODE = YES;
				CLANG_WARN__DUPLICATE_METHOD_MATCH = YES;
				"CODE_SIGN_IDENTITY[sdk=iphoneos*]" = "iPhone Developer";
				COPY_PHASE_STRIP = NO;
				DEBUG_INFORMATION_FORMAT = "dwarf-with-dsym";
				ENABLE_NS_ASSERTIONS = NO;
				ENABLE_STRICT_OBJC_MSGSEND = YES;
				GCC_C_LANGUAGE_STANDARD = gnu99;
				GCC_NO_COMMON_BLOCKS = YES;
				GCC_WARN_64_TO_32_BIT_CONVERSION = YES;
				GCC_WARN_ABOUT_RETURN_TYPE = YES_ERROR;
				GCC_WARN_UNDECLARED_SELECTOR = YES;
				GCC_WARN_UNINITIALIZED_AUTOS = YES_AGGRESSIVE;
				GCC_WARN_UNUSED_FUNCTION = YES;
				GCC_WARN_UNUSED_VARIABLE = YES;
				IPHONEOS_DEPLOYMENT_TARGET = 10.2;
				MTL_ENABLE_DEBUG_INFO = NO;
				SDKROOT = iphoneos;
				SWIFT_OPTIMIZATION_LEVEL = "-Owholemodule";
				SWIFT_SWIFT3_OBJC_INFERENCE = Default;
				VALIDATE_PRODUCT = YES;
			};
			name = Release;
		};
		F420CC621E7BA27F00448B6B /* Debug */ = {
			isa = XCBuildConfiguration;
			buildSettings = {
				ASSETCATALOG_COMPILER_APPICON_NAME = AppIcon;
				"CODE_SIGN_IDENTITY[sdk=iphoneos*]" = "iPhone Developer";
				DEVELOPMENT_TEAM = RA3AN77S9R;
				INFOPLIST_FILE = Long/Info.plist;
				LD_RUNPATH_SEARCH_PATHS = "$(inherited) @executable_path/Frameworks";
				PRODUCT_BUNDLE_IDENTIFIER = com.mace.Long;
				PRODUCT_NAME = "$(TARGET_NAME)";
				SWIFT_SWIFT3_OBJC_INFERENCE = Default;
				SWIFT_VERSION = 4.0;
			};
			name = Debug;
		};
		F420CC631E7BA27F00448B6B /* Release */ = {
			isa = XCBuildConfiguration;
			buildSettings = {
				ASSETCATALOG_COMPILER_APPICON_NAME = AppIcon;
				"CODE_SIGN_IDENTITY[sdk=iphoneos*]" = "iPhone Developer";
				DEVELOPMENT_TEAM = RA3AN77S9R;
				INFOPLIST_FILE = Long/Info.plist;
				LD_RUNPATH_SEARCH_PATHS = "$(inherited) @executable_path/Frameworks";
				PRODUCT_BUNDLE_IDENTIFIER = com.mace.Long;
				PRODUCT_NAME = "$(TARGET_NAME)";
				SWIFT_SWIFT3_OBJC_INFERENCE = Default;
				SWIFT_VERSION = 4.0;
			};
			name = Release;
		};
/* End XCBuildConfiguration section */

/* Begin XCConfigurationList section */
		F420CC4A1E7BA27D00448B6B /* Build configuration list for PBXProject "Long" */ = {
			isa = XCConfigurationList;
			buildConfigurations = (
				F420CC5F1E7BA27F00448B6B /* Debug */,
				F420CC601E7BA27F00448B6B /* Release */,
			);
			defaultConfigurationIsVisible = 0;
			defaultConfigurationName = Release;
		};
		F420CC611E7BA27F00448B6B /* Build configuration list for PBXNativeTarget "Long" */ = {
			isa = XCConfigurationList;
			buildConfigurations = (
				F420CC621E7BA27F00448B6B /* Debug */,
				F420CC631E7BA27F00448B6B /* Release */,
			);
			defaultConfigurationIsVisible = 0;
			defaultConfigurationName = Release;
		};
/* End XCConfigurationList section */
	};
	rootObject = F420CC471E7BA27D00448B6B /* Project object */;
}
